// !$*UTF8*$!
{
	archiveVersion = 1;
	classes = {
	};
	objectVersion = 50;
	objects = {

/* Begin PBXBuildFile section */
		E489CFBA26A332F20079C547 /* HomeViewController.swift in Sources */ = {isa = PBXBuildFile; fileRef = E489CFB926A332F20079C547 /* HomeViewController.swift */; };
		E489CFBF26A332FE0079C547 /* Constants.swift in Sources */ = {isa = PBXBuildFile; fileRef = E489CFBD26A332FD0079C547 /* Constants.swift */; };
		E489CFC026A332FE0079C547 /* ImageCache.swift in Sources */ = {isa = PBXBuildFile; fileRef = E489CFBE26A332FD0079C547 /* ImageCache.swift */; };
		E489CFC426A333050079C547 /* HomeModel.swift in Sources */ = {isa = PBXBuildFile; fileRef = E489CFC326A333050079C547 /* HomeModel.swift */; };
		E489CFC826A3330C0079C547 /* HomeViewModel.swift in Sources */ = {isa = PBXBuildFile; fileRef = E489CFC726A3330C0079C547 /* HomeViewModel.swift */; };
		E489CFD026A333150079C547 /* Mock.json in Resources */ = {isa = PBXBuildFile; fileRef = E489CFCB26A333150079C547 /* Mock.json */; };
		E489CFD126A333150079C547 /* APIService.swift in Sources */ = {isa = PBXBuildFile; fileRef = E489CFCC26A333150079C547 /* APIService.swift */; };
		E489CFD226A333150079C547 /* Network.swift in Sources */ = {isa = PBXBuildFile; fileRef = E489CFCD26A333150079C547 /* Network.swift */; };
		E489CFD326A333150079C547 /* APIServiceProtocol.swift in Sources */ = {isa = PBXBuildFile; fileRef = E489CFCE26A333150079C547 /* APIServiceProtocol.swift */; };
		E489CFD426A333150079C547 /* Data+Extension.swift in Sources */ = {isa = PBXBuildFile; fileRef = E489CFCF26A333150079C547 /* Data+Extension.swift */; };
		E489CFE226A3331D0079C547 /* ContentListTableViewCell.xib in Resources */ = {isa = PBXBuildFile; fileRef = E489CFD826A3331D0079C547 /* ContentListTableViewCell.xib */; };
		E489CFE326A3331D0079C547 /* ContentListTableViewCell.swift in Sources */ = {isa = PBXBuildFile; fileRef = E489CFD926A3331D0079C547 /* ContentListTableViewCell.swift */; };
		E489CFE426A3331D0079C547 /* ImageCollectionViewCell.xib in Resources */ = {isa = PBXBuildFile; fileRef = E489CFDB26A3331D0079C547 /* ImageCollectionViewCell.xib */; };
		E489CFE526A3331D0079C547 /* ImageListTableViewCell.xib in Resources */ = {isa = PBXBuildFile; fileRef = E489CFDC26A3331D0079C547 /* ImageListTableViewCell.xib */; };
		E489CFE626A3331D0079C547 /* ImageCollectionViewCell.swift in Sources */ = {isa = PBXBuildFile; fileRef = E489CFDD26A3331D0079C547 /* ImageCollectionViewCell.swift */; };
		E489CFE726A3331D0079C547 /* ImageListTableViewCell.swift in Sources */ = {isa = PBXBuildFile; fileRef = E489CFDE26A3331D0079C547 /* ImageListTableViewCell.swift */; };
		E489CFE826A3331D0079C547 /* SearchTableViewCell.xib in Resources */ = {isa = PBXBuildFile; fileRef = E489CFE026A3331D0079C547 /* SearchTableViewCell.xib */; };
		E489CFE926A3331D0079C547 /* SearchTableViewCell.swift in Sources */ = {isa = PBXBuildFile; fileRef = E489CFE126A3331D0079C547 /* SearchTableViewCell.swift */; };
		E489CFED26A3339F0079C547 /* Main.storyboard in Resources */ = {isa = PBXBuildFile; fileRef = E489CFEC26A3339F0079C547 /* Main.storyboard */; };
		E4ACEE6626A138420090CD16 /* AppDelegate.swift in Sources */ = {isa = PBXBuildFile; fileRef = E4ACEE6526A138420090CD16 /* AppDelegate.swift */; };
		E4ACEE6826A138420090CD16 /* SceneDelegate.swift in Sources */ = {isa = PBXBuildFile; fileRef = E4ACEE6726A138420090CD16 /* SceneDelegate.swift */; };
		E4ACEE6F26A138430090CD16 /* Assets.xcassets in Resources */ = {isa = PBXBuildFile; fileRef = E4ACEE6E26A138430090CD16 /* Assets.xcassets */; };
		E4ACEE7226A138430090CD16 /* LaunchScreen.storyboard in Resources */ = {isa = PBXBuildFile; fileRef = E4ACEE7026A138430090CD16 /* LaunchScreen.storyboard */; };
/* End PBXBuildFile section */

/* Begin PBXFileReference section */
		E489CFB926A332F20079C547 /* HomeViewController.swift */ = {isa = PBXFileReference; fileEncoding = 4; lastKnownFileType = sourcecode.swift; path = HomeViewController.swift; sourceTree = "<group>"; };
		E489CFBD26A332FD0079C547 /* Constants.swift */ = {isa = PBXFileReference; fileEncoding = 4; lastKnownFileType = sourcecode.swift; path = Constants.swift; sourceTree = "<group>"; };
		E489CFBE26A332FD0079C547 /* ImageCache.swift */ = {isa = PBXFileReference; fileEncoding = 4; lastKnownFileType = sourcecode.swift; path = ImageCache.swift; sourceTree = "<group>"; };
		E489CFC326A333050079C547 /* HomeModel.swift */ = {isa = PBXFileReference; fileEncoding = 4; lastKnownFileType = sourcecode.swift; path = HomeModel.swift; sourceTree = "<group>"; };
		E489CFC726A3330C0079C547 /* HomeViewModel.swift */ = {isa = PBXFileReference; fileEncoding = 4; lastKnownFileType = sourcecode.swift; path = HomeViewModel.swift; sourceTree = "<group>"; };
		E489CFCB26A333150079C547 /* Mock.json */ = {isa = PBXFileReference; fileEncoding = 4; lastKnownFileType = text.json; path = Mock.json; sourceTree = "<group>"; };
		E489CFCC26A333150079C547 /* APIService.swift */ = {isa = PBXFileReference; fileEncoding = 4; lastKnownFileType = sourcecode.swift; path = APIService.swift; sourceTree = "<group>"; };
		E489CFCD26A333150079C547 /* Network.swift */ = {isa = PBXFileReference; fileEncoding = 4; lastKnownFileType = sourcecode.swift; path = Network.swift; sourceTree = "<group>"; };
		E489CFCE26A333150079C547 /* APIServiceProtocol.swift */ = {isa = PBXFileReference; fileEncoding = 4; lastKnownFileType = sourcecode.swift; path = APIServiceProtocol.swift; sourceTree = "<group>"; };
		E489CFCF26A333150079C547 /* Data+Extension.swift */ = {isa = PBXFileReference; fileEncoding = 4; lastKnownFileType = sourcecode.swift; path = "Data+Extension.swift"; sourceTree = "<group>"; };
		E489CFD826A3331D0079C547 /* ContentListTableViewCell.xib */ = {isa = PBXFileReference; fileEncoding = 4; lastKnownFileType = file.xib; path = ContentListTableViewCell.xib; sourceTree = "<group>"; };
		E489CFD926A3331D0079C547 /* ContentListTableViewCell.swift */ = {isa = PBXFileReference; fileEncoding = 4; lastKnownFileType = sourcecode.swift; path = ContentListTableViewCell.swift; sourceTree = "<group>"; };
		E489CFDB26A3331D0079C547 /* ImageCollectionViewCell.xib */ = {isa = PBXFileReference; fileEncoding = 4; lastKnownFileType = file.xib; path = ImageCollectionViewCell.xib; sourceTree = "<group>"; };
		E489CFDC26A3331D0079C547 /* ImageListTableViewCell.xib */ = {isa = PBXFileReference; fileEncoding = 4; lastKnownFileType = file.xib; path = ImageListTableViewCell.xib; sourceTree = "<group>"; };
		E489CFDD26A3331D0079C547 /* ImageCollectionViewCell.swift */ = {isa = PBXFileReference; fileEncoding = 4; lastKnownFileType = sourcecode.swift; path = ImageCollectionViewCell.swift; sourceTree = "<group>"; };
		E489CFDE26A3331D0079C547 /* ImageListTableViewCell.swift */ = {isa = PBXFileReference; fileEncoding = 4; lastKnownFileType = sourcecode.swift; path = ImageListTableViewCell.swift; sourceTree = "<group>"; };
		E489CFE026A3331D0079C547 /* SearchTableViewCell.xib */ = {isa = PBXFileReference; fileEncoding = 4; lastKnownFileType = file.xib; path = SearchTableViewCell.xib; sourceTree = "<group>"; };
		E489CFE126A3331D0079C547 /* SearchTableViewCell.swift */ = {isa = PBXFileReference; fileEncoding = 4; lastKnownFileType = sourcecode.swift; path = SearchTableViewCell.swift; sourceTree = "<group>"; };
		E489CFEC26A3339F0079C547 /* Main.storyboard */ = {isa = PBXFileReference; fileEncoding = 4; lastKnownFileType = file.storyboard; path = Main.storyboard; sourceTree = "<group>"; };
		E4ACEE6226A138420090CD16 /* iOS Exam.app */ = {isa = PBXFileReference; explicitFileType = wrapper.application; includeInIndex = 0; path = "iOS Exam.app"; sourceTree = BUILT_PRODUCTS_DIR; };
		E4ACEE6526A138420090CD16 /* AppDelegate.swift */ = {isa = PBXFileReference; lastKnownFileType = sourcecode.swift; path = AppDelegate.swift; sourceTree = "<group>"; };
		E4ACEE6726A138420090CD16 /* SceneDelegate.swift */ = {isa = PBXFileReference; lastKnownFileType = sourcecode.swift; path = SceneDelegate.swift; sourceTree = "<group>"; };
		E4ACEE6E26A138430090CD16 /* Assets.xcassets */ = {isa = PBXFileReference; lastKnownFileType = folder.assetcatalog; path = Assets.xcassets; sourceTree = "<group>"; };
		E4ACEE7126A138430090CD16 /* Base */ = {isa = PBXFileReference; lastKnownFileType = file.storyboard; name = Base; path = Base.lproj/LaunchScreen.storyboard; sourceTree = "<group>"; };
		E4ACEE7326A138430090CD16 /* Info.plist */ = {isa = PBXFileReference; lastKnownFileType = text.plist.xml; path = Info.plist; sourceTree = "<group>"; };
/* End PBXFileReference section */

/* Begin PBXFrameworksBuildPhase section */
		E4ACEE5F26A138420090CD16 /* Frameworks */ = {
			isa = PBXFrameworksBuildPhase;
			buildActionMask = 2147483647;
			files = (
			);
			runOnlyForDeploymentPostprocessing = 0;
		};
/* End PBXFrameworksBuildPhase section */

/* Begin PBXGroup section */
		E489CFB826A332F20079C547 /* Controller */ = {
			isa = PBXGroup;
			children = (
				E489CFB926A332F20079C547 /* HomeViewController.swift */,
			);
			path = Controller;
			sourceTree = "<group>";
		};
		E489CFBC26A332FD0079C547 /* Helpers */ = {
			isa = PBXGroup;
			children = (
				E489CFBD26A332FD0079C547 /* Constants.swift */,
				E489CFBE26A332FD0079C547 /* ImageCache.swift */,
			);
			path = Helpers;
			sourceTree = "<group>";
		};
		E489CFC226A333050079C547 /* Model */ = {
			isa = PBXGroup;
			children = (
				E489CFC326A333050079C547 /* HomeModel.swift */,
			);
			path = Model;
			sourceTree = "<group>";
		};
		E489CFC626A3330C0079C547 /* ModelView */ = {
			isa = PBXGroup;
			children = (
				E489CFC726A3330C0079C547 /* HomeViewModel.swift */,
			);
			path = ModelView;
			sourceTree = "<group>";
		};
		E489CFCA26A333150079C547 /* Network */ = {
			isa = PBXGroup;
			children = (
				E489CFCB26A333150079C547 /* Mock.json */,
				E489CFCC26A333150079C547 /* APIService.swift */,
				E489CFCD26A333150079C547 /* Network.swift */,
				E489CFCE26A333150079C547 /* APIServiceProtocol.swift */,
				E489CFCF26A333150079C547 /* Data+Extension.swift */,
			);
			path = Network;
			sourceTree = "<group>";
		};
		E489CFD626A3331D0079C547 /* View */ = {
			isa = PBXGroup;
			children = (
				E489CFD726A3331D0079C547 /* ContentListCell */,
				E489CFDA26A3331D0079C547 /* ImageCell */,
				E489CFDF26A3331D0079C547 /* SearchCell */,
			);
			path = View;
			sourceTree = "<group>";
		};
		E489CFD726A3331D0079C547 /* ContentListCell */ = {
			isa = PBXGroup;
			children = (
				E489CFD826A3331D0079C547 /* ContentListTableViewCell.xib */,
				E489CFD926A3331D0079C547 /* ContentListTableViewCell.swift */,
			);
			path = ContentListCell;
			sourceTree = "<group>";
		};
		E489CFDA26A3331D0079C547 /* ImageCell */ = {
			isa = PBXGroup;
			children = (
				E489CFDB26A3331D0079C547 /* ImageCollectionViewCell.xib */,
				E489CFDC26A3331D0079C547 /* ImageListTableViewCell.xib */,
				E489CFDD26A3331D0079C547 /* ImageCollectionViewCell.swift */,
				E489CFDE26A3331D0079C547 /* ImageListTableViewCell.swift */,
			);
			path = ImageCell;
			sourceTree = "<group>";
		};
		E489CFDF26A3331D0079C547 /* SearchCell */ = {
			isa = PBXGroup;
			children = (
				E489CFE026A3331D0079C547 /* SearchTableViewCell.xib */,
				E489CFE126A3331D0079C547 /* SearchTableViewCell.swift */,
			);
			path = SearchCell;
			sourceTree = "<group>";
		};
		E4ACEE5926A138420090CD16 = {
			isa = PBXGroup;
			children = (
				E4ACEE6426A138420090CD16 /* iOS Exam */,
				E4ACEE6326A138420090CD16 /* Products */,
			);
			sourceTree = "<group>";
		};
		E4ACEE6326A138420090CD16 /* Products */ = {
			isa = PBXGroup;
			children = (
				E4ACEE6226A138420090CD16 /* iOS Exam.app */,
			);
			name = Products;
			sourceTree = "<group>";
		};
		E4ACEE6426A138420090CD16 /* iOS Exam */ = {
			isa = PBXGroup;
			children = (
				E489CFD626A3331D0079C547 /* View */,
				E489CFCA26A333150079C547 /* Network */,
				E489CFC626A3330C0079C547 /* ModelView */,
				E489CFC226A333050079C547 /* Model */,
				E489CFBC26A332FD0079C547 /* Helpers */,
				E489CFB826A332F20079C547 /* Controller */,
				E4ACEE6526A138420090CD16 /* AppDelegate.swift */,
				E4ACEE6726A138420090CD16 /* SceneDelegate.swift */,
				E4ACEE6E26A138430090CD16 /* Assets.xcassets */,
				E489CFEC26A3339F0079C547 /* Main.storyboard */,
				E4ACEE7026A138430090CD16 /* LaunchScreen.storyboard */,
				E4ACEE7326A138430090CD16 /* Info.plist */,
			);
			path = "iOS Exam";
			sourceTree = "<group>";
		};
/* End PBXGroup section */

/* Begin PBXNativeTarget section */
		E4ACEE6126A138420090CD16 /* iOS Exam */ = {
			isa = PBXNativeTarget;
			buildConfigurationList = E4ACEE7626A138430090CD16 /* Build configuration list for PBXNativeTarget "iOS Exam" */;
			buildPhases = (
				E4ACEE5E26A138420090CD16 /* Sources */,
				E4ACEE5F26A138420090CD16 /* Frameworks */,
				E4ACEE6026A138420090CD16 /* Resources */,
			);
			buildRules = (
			);
			dependencies = (
			);
			name = "iOS Exam";
			productName = "iOS Exam";
			productReference = E4ACEE6226A138420090CD16 /* iOS Exam.app */;
			productType = "com.apple.product-type.application";
		};
/* End PBXNativeTarget section */

/* Begin PBXProject section */
		E4ACEE5A26A138420090CD16 /* Project object */ = {
			isa = PBXProject;
			attributes = {
				LastSwiftUpdateCheck = 1240;
				LastUpgradeCheck = 1240;
				TargetAttributes = {
					E4ACEE6126A138420090CD16 = {
						CreatedOnToolsVersion = 12.4;
					};
				};
			};
			buildConfigurationList = E4ACEE5D26A138420090CD16 /* Build configuration list for PBXProject "iOS Exam" */;
			compatibilityVersion = "Xcode 9.3";
			developmentRegion = en;
			hasScannedForEncodings = 0;
			knownRegions = (
				en,
				Base,
			);
			mainGroup = E4ACEE5926A138420090CD16;
			productRefGroup = E4ACEE6326A138420090CD16 /* Products */;
			projectDirPath = "";
			projectRoot = "";
			targets = (
				E4ACEE6126A138420090CD16 /* iOS Exam */,
			);
		};
/* End PBXProject section */

/* Begin PBXResourcesBuildPhase section */
		E4ACEE6026A138420090CD16 /* Resources */ = {
			isa = PBXResourcesBuildPhase;
			buildActionMask = 2147483647;
			files = (
				E489CFE226A3331D0079C547 /* ContentListTableViewCell.xib in Resources */,
				E489CFE826A3331D0079C547 /* SearchTableViewCell.xib in Resources */,
				E4ACEE7226A138430090CD16 /* LaunchScreen.storyboard in Resources */,
				E489CFED26A3339F0079C547 /* Main.storyboard in Resources */,
				E4ACEE6F26A138430090CD16 /* Assets.xcassets in Resources */,
				E489CFE526A3331D0079C547 /* ImageListTableViewCell.xib in Resources */,
				E489CFE426A3331D0079C547 /* ImageCollectionViewCell.xib in Resources */,
				E489CFD026A333150079C547 /* Mock.json in Resources */,
			);
			runOnlyForDeploymentPostprocessing = 0;
		};
/* End PBXResourcesBuildPhase section */

/* Begin PBXSourcesBuildPhase section */
		E4ACEE5E26A138420090CD16 /* Sources */ = {
			isa = PBXSourcesBuildPhase;
			buildActionMask = 2147483647;
			files = (
				E489CFC026A332FE0079C547 /* ImageCache.swift in Sources */,
				E4ACEE6626A138420090CD16 /* AppDelegate.swift in Sources */,
				E489CFE626A3331D0079C547 /* ImageCollectionViewCell.swift in Sources */,
				E489CFC826A3330C0079C547 /* HomeViewModel.swift in Sources */,
				E489CFE326A3331D0079C547 /* ContentListTableViewCell.swift in Sources */,
				E489CFC426A333050079C547 /* HomeModel.swift in Sources */,
				E4ACEE6826A138420090CD16 /* SceneDelegate.swift in Sources */,
				E489CFD226A333150079C547 /* Network.swift in Sources */,
				E489CFBA26A332F20079C547 /* HomeViewController.swift in Sources */,
				E489CFE926A3331D0079C547 /* SearchTableViewCell.swift in Sources */,
				E489CFD126A333150079C547 /* APIService.swift in Sources */,
				E489CFD426A333150079C547 /* Data+Extension.swift in Sources */,
				E489CFD326A333150079C547 /* APIServiceProtocol.swift in Sources */,
				E489CFBF26A332FE0079C547 /* Constants.swift in Sources */,
				E489CFE726A3331D0079C547 /* ImageListTableViewCell.swift in Sources */,
			);
			runOnlyForDeploymentPostprocessing = 0;
		};
/* End PBXSourcesBuildPhase section */

/* Begin PBXVariantGroup section */
		E4ACEE7026A138430090CD16 /* LaunchScreen.storyboard */ = {
			isa = PBXVariantGroup;
			children = (
				E4ACEE7126A138430090CD16 /* Base */,
			);
			name = LaunchScreen.storyboard;
			sourceTree = "<group>";
		};
/* End PBXVariantGroup section */

/* Begin XCBuildConfiguration section */
		E4ACEE7426A138430090CD16 /* Debug */ = {
			isa = XCBuildConfiguration;
			buildSettings = {
				ALWAYS_SEARCH_USER_PATHS = NO;
				CLANG_ANALYZER_NONNULL = YES;
				CLANG_ANALYZER_NUMBER_OBJECT_CONVERSION = YES_AGGRESSIVE;
				CLANG_CXX_LANGUAGE_STANDARD = "gnu++14";
				CLANG_CXX_LIBRARY = "libc++";
				CLANG_ENABLE_MODULES = YES;
				CLANG_ENABLE_OBJC_ARC = YES;
				CLANG_ENABLE_OBJC_WEAK = YES;
				CLANG_WARN_BLOCK_CAPTURE_AUTORELEASING = YES;
				CLANG_WARN_BOOL_CONVERSION = YES;
				CLANG_WARN_COMMA = YES;
				CLANG_WARN_CONSTANT_CONVERSION = YES;
				CLANG_WARN_DEPRECATED_OBJC_IMPLEMENTATIONS = YES;
				CLANG_WARN_DIRECT_OBJC_ISA_USAGE = YES_ERROR;
				CLANG_WARN_DOCUMENTATION_COMMENTS = YES;
				CLANG_WARN_EMPTY_BODY = YES;
				CLANG_WARN_ENUM_CONVERSION = YES;
				CLANG_WARN_INFINITE_RECURSION = YES;
				CLANG_WARN_INT_CONVERSION = YES;
				CLANG_WARN_NON_LITERAL_NULL_CONVERSION = YES;
				CLANG_WARN_OBJC_IMPLICIT_RETAIN_SELF = YES;
				CLANG_WARN_OBJC_LITERAL_CONVERSION = YES;
				CLANG_WARN_OBJC_ROOT_CLASS = YES_ERROR;
				CLANG_WARN_QUOTED_INCLUDE_IN_FRAMEWORK_HEADER = YES;
				CLANG_WARN_RANGE_LOOP_ANALYSIS = YES;
				CLANG_WARN_STRICT_PROTOTYPES = YES;
				CLANG_WARN_SUSPICIOUS_MOVE = YES;
				CLANG_WARN_UNGUARDED_AVAILABILITY = YES_AGGRESSIVE;
				CLANG_WARN_UNREACHABLE_CODE = YES;
				CLANG_WARN__DUPLICATE_METHOD_MATCH = YES;
				COPY_PHASE_STRIP = NO;
				DEBUG_INFORMATION_FORMAT = dwarf;
				ENABLE_STRICT_OBJC_MSGSEND = YES;
				ENABLE_TESTABILITY = YES;
				GCC_C_LANGUAGE_STANDARD = gnu11;
				GCC_DYNAMIC_NO_PIC = NO;
				GCC_NO_COMMON_BLOCKS = YES;
				GCC_OPTIMIZATION_LEVEL = 0;
				GCC_PREPROCESSOR_DEFINITIONS = (
					"DEBUG=1",
					"$(inherited)",
				);
				GCC_WARN_64_TO_32_BIT_CONVERSION = YES;
				GCC_WARN_ABOUT_RETURN_TYPE = YES_ERROR;
				GCC_WARN_UNDECLARED_SELECTOR = YES;
				GCC_WARN_UNINITIALIZED_AUTOS = YES_AGGRESSIVE;
				GCC_WARN_UNUSED_FUNCTION = YES;
				GCC_WARN_UNUSED_VARIABLE = YES;
				IPHONEOS_DEPLOYMENT_TARGET = 14.4;
				MTL_ENABLE_DEBUG_INFO = INCLUDE_SOURCE;
				MTL_FAST_MATH = YES;
				ONLY_ACTIVE_ARCH = YES;
				SDKROOT = iphoneos;
				SWIFT_ACTIVE_COMPILATION_CONDITIONS = DEBUG;
				SWIFT_OPTIMIZATION_LEVEL = "-Onone";
			};
			name = Debug;
		};
		E4ACEE7526A138430090CD16 /* Release */ = {
			isa = XCBuildConfiguration;
			buildSettings = {
				ALWAYS_SEARCH_USER_PATHS = NO;
				CLANG_ANALYZER_NONNULL = YES;
				CLANG_ANALYZER_NUMBER_OBJECT_CONVERSION = YES_AGGRESSIVE;
				CLANG_CXX_LANGUAGE_STANDARD = "gnu++14";
				CLANG_CXX_LIBRARY = "libc++";
				CLANG_ENABLE_MODULES = YES;
				CLANG_ENABLE_OBJC_ARC = YES;
				CLANG_ENABLE_OBJC_WEAK = YES;
				CLANG_WARN_BLOCK_CAPTURE_AUTORELEASING = YES;
				CLANG_WARN_BOOL_CONVERSION = YES;
				CLANG_WARN_COMMA = YES;
				CLANG_WARN_CONSTANT_CONVERSION = YES;
				CLANG_WARN_DEPRECATED_OBJC_IMPLEMENTATIONS = YES;
				CLANG_WARN_DIRECT_OBJC_ISA_USAGE = YES_ERROR;
				CLANG_WARN_DOCUMENTATION_COMMENTS = YES;
				CLANG_WARN_EMPTY_BODY = YES;
				CLANG_WARN_ENUM_CONVERSION = YES;
				CLANG_WARN_INFINITE_RECURSION = YES;
				CLANG_WARN_INT_CONVERSION = YES;
				CLANG_WARN_NON_LITERAL_NULL_CONVERSION = YES;
				CLANG_WARN_OBJC_IMPLICIT_RETAIN_SELF = YES;
				CLANG_WARN_OBJC_LITERAL_CONVERSION = YES;
				CLANG_WARN_OBJC_ROOT_CLASS = YES_ERROR;
				CLANG_WARN_QUOTED_INCLUDE_IN_FRAMEWORK_HEADER = YES;
				CLANG_WARN_RANGE_LOOP_ANALYSIS = YES;
				CLANG_WARN_STRICT_PROTOTYPES = YES;
				CLANG_WARN_SUSPICIOUS_MOVE = YES;
				CLANG_WARN_UNGUARDED_AVAILABILITY = YES_AGGRESSIVE;
				CLANG_WARN_UNREACHABLE_CODE = YES;
				CLANG_WARN__DUPLICATE_METHOD_MATCH = YES;
				COPY_PHASE_STRIP = NO;
				DEBUG_INFORMATION_FORMAT = "dwarf-with-dsym";
				ENABLE_NS_ASSERTIONS = NO;
				ENABLE_STRICT_OBJC_MSGSEND = YES;
				GCC_C_LANGUAGE_STANDARD = gnu11;
				GCC_NO_COMMON_BLOCKS = YES;
				GCC_WARN_64_TO_32_BIT_CONVERSION = YES;
				GCC_WARN_ABOUT_RETURN_TYPE = YES_ERROR;
				GCC_WARN_UNDECLARED_SELECTOR = YES;
				GCC_WARN_UNINITIALIZED_AUTOS = YES_AGGRESSIVE;
				GCC_WARN_UNUSED_FUNCTION = YES;
				GCC_WARN_UNUSED_VARIABLE = YES;
				IPHONEOS_DEPLOYMENT_TARGET = 14.4;
				MTL_ENABLE_DEBUG_INFO = NO;
				MTL_FAST_MATH = YES;
				SDKROOT = iphoneos;
				SWIFT_COMPILATION_MODE = wholemodule;
				SWIFT_OPTIMIZATION_LEVEL = "-O";
				VALIDATE_PRODUCT = YES;
			};
			name = Release;
		};
		E4ACEE7726A138430090CD16 /* Debug */ = {
			isa = XCBuildConfiguration;
			buildSettings = {
				ASSETCATALOG_COMPILER_APPICON_NAME = AppIcon;
				ASSETCATALOG_COMPILER_GLOBAL_ACCENT_COLOR_NAME = AccentColor;
				CODE_SIGN_STYLE = Automatic;
				INFOPLIST_FILE = "iOS Exam/Info.plist";
				LD_RUNPATH_SEARCH_PATHS = (
					"$(inherited)",
					"@executable_path/Frameworks",
				);
				PRODUCT_BUNDLE_IDENTIFIER = "com.sample.iOS-Exam";
				PRODUCT_NAME = "$(TARGET_NAME)";
				SWIFT_VERSION = 5.0;
				TARGETED_DEVICE_FAMILY = "1,2";
			};
			name = Debug;
		};
		E4ACEE7826A138430090CD16 /* Release */ = {
			isa = XCBuildConfiguration;
			buildSettings = {
				ASSETCATALOG_COMPILER_APPICON_NAME = AppIcon;
				ASSETCATALOG_COMPILER_GLOBAL_ACCENT_COLOR_NAME = AccentColor;
				CODE_SIGN_STYLE = Automatic;
				INFOPLIST_FILE = "iOS Exam/Info.plist";
				LD_RUNPATH_SEARCH_PATHS = (
					"$(inherited)",
					"@executable_path/Frameworks",
				);
				PRODUCT_BUNDLE_IDENTIFIER = "com.sample.iOS-Exam";
				PRODUCT_NAME = "$(TARGET_NAME)";
				SWIFT_VERSION = 5.0;
				TARGETED_DEVICE_FAMILY = "1,2";
			};
			name = Release;
		};
/* End XCBuildConfiguration section */

/* Begin XCConfigurationList section */
		E4ACEE5D26A138420090CD16 /* Build configuration list for PBXProject "iOS Exam" */ = {
			isa = XCConfigurationList;
			buildConfigurations = (
				E4ACEE7426A138430090CD16 /* Debug */,
				E4ACEE7526A138430090CD16 /* Release */,
			);
			defaultConfigurationIsVisible = 0;
			defaultConfigurationName = Release;
		};
		E4ACEE7626A138430090CD16 /* Build configuration list for PBXNativeTarget "iOS Exam" */ = {
			isa = XCConfigurationList;
			buildConfigurations = (
				E4ACEE7726A138430090CD16 /* Debug */,
				E4ACEE7826A138430090CD16 /* Release */,
			);
			defaultConfigurationIsVisible = 0;
			defaultConfigurationName = Release;
		};
/* End XCConfigurationList section */
	};
	rootObject = E4ACEE5A26A138420090CD16 /* Project object */;
}
